
Microsoft Visual Studio Solution File, Format Version 12.00
# Visual Studio Version 17
VisualStudioVersion = 17.3.32901.215
MinimumVisualStudioVersion = 10.0.40219.1
Project("{FAE04EC0-301F-11D3-BF4B-00C04F79EFBC}") = "Assignment2", "Assignment2.csproj", "{3ED3EC90-70CB-49B9-AA02-D727E02FCEFD}"
EndProject
Global
	GlobalSection(SolutionConfigurationPlatforms) = preSolution
		Debug|Any CPU = Debug|Any CPU
		Release|Any CPU = Release|Any CPU
	EndGlobalSection
	GlobalSection(ProjectConfigurationPlatforms) = postSolution
		{3ED3EC90-70CB-49B9-AA02-D727E02FCEFD}.Debug|Any CPU.ActiveCfg = Debug|Any CPU
		{3ED3EC90-70CB-49B9-AA02-D727E02FCEFD}.Debug|Any CPU.Build.0 = Debug|Any CPU
		{3ED3EC90-70CB-49B9-AA02-D727E02FCEFD}.Release|Any CPU.ActiveCfg = Release|Any CPU
		{3ED3EC90-70CB-49B9-AA02-D727E02FCEFD}.Release|Any CPU.Build.0 = Release|Any CPU
	EndGlobalSection
	GlobalSection(SolutionProperties) = preSolution
		HideSolutionNode = FALSE
	EndGlobalSection
	GlobalSection(ExtensibilityGlobals) = postSolution
		SolutionGuid = {0E81F80E-F06C-46A7-A737-939D164963D9}
	EndGlobalSection
EndGlobal
