
Microsoft Visual Studio Solution File, Format Version 12.00
# Visual Studio Version 17
VisualStudioVersion = 17.3.32901.215
MinimumVisualStudioVersion = 10.0.40219.1
Project("{FAE04EC0-301F-11D3-BF4B-00C04F79EFBC}") = "Assignment3", "Assignment3.csproj", "{CED8621C-1198-403B-A6D6-90DF21E3C562}"
EndProject
Global
	GlobalSection(SolutionConfigurationPlatforms) = preSolution
		Debug|Any CPU = Debug|Any CPU
		Release|Any CPU = Release|Any CPU
	EndGlobalSection
	GlobalSection(ProjectConfigurationPlatforms) = postSolution
		{CED8621C-1198-403B-A6D6-90DF21E3C562}.Debug|Any CPU.ActiveCfg = Debug|Any CPU
		{CED8621C-1198-403B-A6D6-90DF21E3C562}.Debug|Any CPU.Build.0 = Debug|Any CPU
		{CED8621C-1198-403B-A6D6-90DF21E3C562}.Release|Any CPU.ActiveCfg = Release|Any CPU
		{CED8621C-1198-403B-A6D6-90DF21E3C562}.Release|Any CPU.Build.0 = Release|Any CPU
	EndGlobalSection
	GlobalSection(SolutionProperties) = preSolution
		HideSolutionNode = FALSE
	EndGlobalSection
	GlobalSection(ExtensibilityGlobals) = postSolution
		SolutionGuid = {62A1EF66-D2A2-414D-AF2A-C686E6C12754}
	EndGlobalSection
EndGlobal
